github.com/lyreware/go-utils v0.2.2 h1:a8VSG6eT+bppCw1uVyHkvAH8d01XwA8PonbX7Ul2nVg=
github.com/lyreware/go-utils v0.2.2/go.mod h1:0CeAuSFgzGJ3w2xdsEcBD3kqAXzuBKT7reP7nxlVGvk=
golang.org/x/crypto v0.36.0 h1:AnAEvhDddvBdpY+uR+MyHmuZzzNqXSe/GvuDeob5L34=
golang.org/x/crypto v0.36.0/go.mod h1:Y4J0ReaxCR1IMaabaSMugxJES1EpwhBHhv2bDHklZvc=
golang.org/x/sys v0.31.0 h1:ioabZlmFYtWhL+TRYpcnNlLwhyxaM9kWTDEmfnprqik=
golang.org/x/sys v0.31.0/go.mod h1:BJP2sWEmIv4KK5OTEluFJCKSidICx8ciO85XgH3Ak8k=
